
Microsoft Visual Studio Solution File, Format Version 12.00
# Visual Studio Version 16
VisualStudioVersion = 16.0.31105.61
MinimumVisualStudioVersion = 10.0.40219.1
Project("{FAE04EC0-301F-11D3-BF4B-00C04F79EFBC}") = "PureTechCodingChallenge", "PureTechCodingChallenge\PureTechCodingChallenge.csproj", "{463BDABA-ED8B-4894-A2AB-013BEA538A6F}"
EndProject
Project("{FAE04EC0-301F-11D3-BF4B-00C04F79EFBC}") = "PureTechCodingChallenge.Tests", "PureTechCodingChallenge.Tests\PureTechCodingChallenge.Tests.csproj", "{4CC95E93-95DB-4FBF-AF56-46CF2E109792}"
EndProject
Global
	GlobalSection(SolutionConfigurationPlatforms) = preSolution
		Debug|Any CPU = Debug|Any CPU
		Release|Any CPU = Release|Any CPU
	EndGlobalSection
	GlobalSection(ProjectConfigurationPlatforms) = postSolution
		{463BDABA-ED8B-4894-A2AB-013BEA538A6F}.Debug|Any CPU.ActiveCfg = Debug|Any CPU
		{463BDABA-ED8B-4894-A2AB-013BEA538A6F}.Debug|Any CPU.Build.0 = Debug|Any CPU
		{463BDABA-ED8B-4894-A2AB-013BEA538A6F}.Release|Any CPU.ActiveCfg = Release|Any CPU
		{463BDABA-ED8B-4894-A2AB-013BEA538A6F}.Release|Any CPU.Build.0 = Release|Any CPU
		{4CC95E93-95DB-4FBF-AF56-46CF2E109792}.Debug|Any CPU.ActiveCfg = Debug|Any CPU
		{4CC95E93-95DB-4FBF-AF56-46CF2E109792}.Debug|Any CPU.Build.0 = Debug|Any CPU
		{4CC95E93-95DB-4FBF-AF56-46CF2E109792}.Release|Any CPU.ActiveCfg = Release|Any CPU
		{4CC95E93-95DB-4FBF-AF56-46CF2E109792}.Release|Any CPU.Build.0 = Release|Any CPU
	EndGlobalSection
	GlobalSection(SolutionProperties) = preSolution
		HideSolutionNode = FALSE
	EndGlobalSection
	GlobalSection(ExtensibilityGlobals) = postSolution
		SolutionGuid = {95FFB3C4-CAD5-4E03-8DF0-11F7E8DFB2E6}
	EndGlobalSection
EndGlobal
